// !$*UTF8*$!
{
	archiveVersion = 1;
	classes = {
	};
	objectVersion = 51;
	objects = {

/* Begin PBXBuildFile section */
		62B21F3F25E6304C00381D62 /* AppDelegate.swift in Sources */ = {isa = PBXBuildFile; fileRef = 62B21F3E25E6304C00381D62 /* AppDelegate.swift */; };
		62B21F4125E6304C00381D62 /* SceneDelegate.swift in Sources */ = {isa = PBXBuildFile; fileRef = 62B21F4025E6304C00381D62 /* SceneDelegate.swift */; };
		62B21F4325E6304C00381D62 /* ARCHomeViewController.swift in Sources */ = {isa = PBXBuildFile; fileRef = 62B21F4225E6304C00381D62 /* ARCHomeViewController.swift */; };
		62B21F4625E6304C00381D62 /* Main.storyboard in Resources */ = {isa = PBXBuildFile; fileRef = 62B21F4425E6304C00381D62 /* Main.storyboard */; };
		62B21F4825E6304E00381D62 /* Assets.xcassets in Resources */ = {isa = PBXBuildFile; fileRef = 62B21F4725E6304E00381D62 /* Assets.xcassets */; };
		62B21F4B25E6304E00381D62 /* LaunchScreen.storyboard in Resources */ = {isa = PBXBuildFile; fileRef = 62B21F4925E6304E00381D62 /* LaunchScreen.storyboard */; };
		62B21F5625E6304F00381D62 /* ArcBlock_CodeTestTests.swift in Sources */ = {isa = PBXBuildFile; fileRef = 62B21F5525E6304F00381D62 /* ArcBlock_CodeTestTests.swift */; };
		62B21F6125E6304F00381D62 /* ArcBlock_CodeTestUITests.swift in Sources */ = {isa = PBXBuildFile; fileRef = 62B21F6025E6304F00381D62 /* ArcBlock_CodeTestUITests.swift */; };
		62B21F7C25E6358300381D62 /* ARCAPI.swift in Sources */ = {isa = PBXBuildFile; fileRef = 62B21F7B25E6358300381D62 /* ARCAPI.swift */; };
		62B21F8225E6370400381D62 /* ARCHomeAPI.swift in Sources */ = {isa = PBXBuildFile; fileRef = 62B21F8125E6370400381D62 /* ARCHomeAPI.swift */; };
		62B21F8B25E637CD00381D62 /* ARCTimeline.swift in Sources */ = {isa = PBXBuildFile; fileRef = 62B21F8A25E637CD00381D62 /* ARCTimeline.swift */; };
		62B21FD625E63CF900381D62 /* ARCParseData.swift in Sources */ = {isa = PBXBuildFile; fileRef = 62B21FD525E63CF900381D62 /* ARCParseData.swift */; };
		62B21FDC25E6411400381D62 /* ARCLogger.swift in Sources */ = {isa = PBXBuildFile; fileRef = 62B21FDB25E6411400381D62 /* ARCLogger.swift */; };
		62B21FE625E6439600381D62 /* ARCError.swift in Sources */ = {isa = PBXBuildFile; fileRef = 62B21FE525E6439600381D62 /* ARCError.swift */; };
		62B21FEC25E64C4800381D62 /* ARCHomeDetailViewController.swift in Sources */ = {isa = PBXBuildFile; fileRef = 62B21FEB25E64C4800381D62 /* ARCHomeDetailViewController.swift */; };
		62B2200725E64D8100381D62 /* R.generated.swift in Sources */ = {isa = PBXBuildFile; fileRef = 62B2200625E64D8100381D62 /* R.generated.swift */; };
		62B2201525E64DB400381D62 /* ARCString.strings in Resources */ = {isa = PBXBuildFile; fileRef = 62B2201725E64DB400381D62 /* ARCString.strings */; };
		62B2202225E64FC100381D62 /* ARCHomeTextCell.swift in Sources */ = {isa = PBXBuildFile; fileRef = 62B2202125E64FC100381D62 /* ARCHomeTextCell.swift */; };
		62B2203525E74A9A00381D62 /* ARCHomeImageCell.swift in Sources */ = {isa = PBXBuildFile; fileRef = 62B2203425E74A9A00381D62 /* ARCHomeImageCell.swift */; };
		62B2203E25E74BDF00381D62 /* ARCHomeOneImageCell.swift in Sources */ = {isa = PBXBuildFile; fileRef = 62B2203D25E74BDF00381D62 /* ARCHomeOneImageCell.swift */; };
		62B2204725E74D2700381D62 /* ARCHomeMultiImageCell.swift in Sources */ = {isa = PBXBuildFile; fileRef = 62B2204625E74D2700381D62 /* ARCHomeMultiImageCell.swift */; };
		62B2205625E74E0800381D62 /* ARCHomeViewModel.swift in Sources */ = {isa = PBXBuildFile; fileRef = 62B2205525E74E0800381D62 /* ARCHomeViewModel.swift */; };
		95A3D695CBF4D54EE5B29928 /* Pods_ArcBlock_CodeTest.framework in Frameworks */ = {isa = PBXBuildFile; fileRef = BE1B9474BED17220A849C97F /* Pods_ArcBlock_CodeTest.framework */; };
/* End PBXBuildFile section */

/* Begin PBXContainerItemProxy section */
		62B21F5225E6304F00381D62 /* PBXContainerItemProxy */ = {
			isa = PBXContainerItemProxy;
			containerPortal = 62B21F3325E6304C00381D62 /* Project object */;
			proxyType = 1;
			remoteGlobalIDString = 62B21F3A25E6304C00381D62;
			remoteInfo = "ArcBlock-CodeTest";
		};
		62B21F5D25E6304F00381D62 /* PBXContainerItemProxy */ = {
			isa = PBXContainerItemProxy;
			containerPortal = 62B21F3325E6304C00381D62 /* Project object */;
			proxyType = 1;
			remoteGlobalIDString = 62B21F3A25E6304C00381D62;
			remoteInfo = "ArcBlock-CodeTest";
		};
/* End PBXContainerItemProxy section */

/* Begin PBXFileReference section */
		62B21F3B25E6304C00381D62 /* ArcBlock-CodeTest.app */ = {isa = PBXFileReference; explicitFileType = wrapper.application; includeInIndex = 0; path = "ArcBlock-CodeTest.app"; sourceTree = BUILT_PRODUCTS_DIR; };
		62B21F3E25E6304C00381D62 /* AppDelegate.swift */ = {isa = PBXFileReference; lastKnownFileType = sourcecode.swift; path = AppDelegate.swift; sourceTree = "<group>"; };
		62B21F4025E6304C00381D62 /* SceneDelegate.swift */ = {isa = PBXFileReference; lastKnownFileType = sourcecode.swift; path = SceneDelegate.swift; sourceTree = "<group>"; };
		62B21F4225E6304C00381D62 /* ARCHomeViewController.swift */ = {isa = PBXFileReference; lastKnownFileType = sourcecode.swift; path = ARCHomeViewController.swift; sourceTree = "<group>"; };
		62B21F4525E6304C00381D62 /* Base */ = {isa = PBXFileReference; lastKnownFileType = file.storyboard; name = Base; path = Base.lproj/Main.storyboard; sourceTree = "<group>"; };
		62B21F4725E6304E00381D62 /* Assets.xcassets */ = {isa = PBXFileReference; lastKnownFileType = folder.assetcatalog; path = Assets.xcassets; sourceTree = "<group>"; };
		62B21F4A25E6304E00381D62 /* Base */ = {isa = PBXFileReference; lastKnownFileType = file.storyboard; name = Base; path = Base.lproj/LaunchScreen.storyboard; sourceTree = "<group>"; };
		62B21F4C25E6304E00381D62 /* Info.plist */ = {isa = PBXFileReference; lastKnownFileType = text.plist.xml; path = Info.plist; sourceTree = "<group>"; };
		62B21F5125E6304F00381D62 /* ArcBlock-CodeTestTests.xctest */ = {isa = PBXFileReference; explicitFileType = wrapper.cfbundle; includeInIndex = 0; path = "ArcBlock-CodeTestTests.xctest"; sourceTree = BUILT_PRODUCTS_DIR; };
		62B21F5525E6304F00381D62 /* ArcBlock_CodeTestTests.swift */ = {isa = PBXFileReference; lastKnownFileType = sourcecode.swift; path = ArcBlock_CodeTestTests.swift; sourceTree = "<group>"; };
		62B21F5725E6304F00381D62 /* Info.plist */ = {isa = PBXFileReference; lastKnownFileType = text.plist.xml; path = Info.plist; sourceTree = "<group>"; };
		62B21F5C25E6304F00381D62 /* ArcBlock-CodeTestUITests.xctest */ = {isa = PBXFileReference; explicitFileType = wrapper.cfbundle; includeInIndex = 0; path = "ArcBlock-CodeTestUITests.xctest"; sourceTree = BUILT_PRODUCTS_DIR; };
		62B21F6025E6304F00381D62 /* ArcBlock_CodeTestUITests.swift */ = {isa = PBXFileReference; lastKnownFileType = sourcecode.swift; path = ArcBlock_CodeTestUITests.swift; sourceTree = "<group>"; };
		62B21F6225E6304F00381D62 /* Info.plist */ = {isa = PBXFileReference; lastKnownFileType = text.plist.xml; path = Info.plist; sourceTree = "<group>"; };
		62B21F7B25E6358300381D62 /* ARCAPI.swift */ = {isa = PBXFileReference; lastKnownFileType = sourcecode.swift; path = ARCAPI.swift; sourceTree = "<group>"; };
		62B21F8125E6370400381D62 /* ARCHomeAPI.swift */ = {isa = PBXFileReference; lastKnownFileType = sourcecode.swift; path = ARCHomeAPI.swift; sourceTree = "<group>"; };
		62B21F8A25E637CD00381D62 /* ARCTimeline.swift */ = {isa = PBXFileReference; lastKnownFileType = sourcecode.swift; path = ARCTimeline.swift; sourceTree = "<group>"; };
		62B21FD525E63CF900381D62 /* ARCParseData.swift */ = {isa = PBXFileReference; lastKnownFileType = sourcecode.swift; path = ARCParseData.swift; sourceTree = "<group>"; };
		62B21FDB25E6411400381D62 /* ARCLogger.swift */ = {isa = PBXFileReference; lastKnownFileType = sourcecode.swift; path = ARCLogger.swift; sourceTree = "<group>"; };
		62B21FE525E6439600381D62 /* ARCError.swift */ = {isa = PBXFileReference; lastKnownFileType = sourcecode.swift; path = ARCError.swift; sourceTree = "<group>"; };
		62B21FEB25E64C4800381D62 /* ARCHomeDetailViewController.swift */ = {isa = PBXFileReference; lastKnownFileType = sourcecode.swift; path = ARCHomeDetailViewController.swift; sourceTree = "<group>"; };
		62B2200625E64D8100381D62 /* R.generated.swift */ = {isa = PBXFileReference; fileEncoding = 4; lastKnownFileType = sourcecode.swift; path = R.generated.swift; sourceTree = SOURCE_ROOT; };
		62B2201625E64DB400381D62 /* en */ = {isa = PBXFileReference; lastKnownFileType = text.plist.strings; name = en; path = en.lproj/ARCString.strings; sourceTree = "<group>"; };
		62B2201B25E64DC800381D62 /* zh-Hans */ = {isa = PBXFileReference; lastKnownFileType = text.plist.strings; name = "zh-Hans"; path = "zh-Hans.lproj/ARCString.strings"; sourceTree = "<group>"; };
		62B2202125E64FC100381D62 /* ARCHomeTextCell.swift */ = {isa = PBXFileReference; lastKnownFileType = sourcecode.swift; path = ARCHomeTextCell.swift; sourceTree = "<group>"; };
		62B2203425E74A9A00381D62 /* ARCHomeImageCell.swift */ = {isa = PBXFileReference; lastKnownFileType = sourcecode.swift; path = ARCHomeImageCell.swift; sourceTree = "<group>"; };
		62B2203D25E74BDF00381D62 /* ARCHomeOneImageCell.swift */ = {isa = PBXFileReference; lastKnownFileType = sourcecode.swift; path = ARCHomeOneImageCell.swift; sourceTree = "<group>"; };
		62B2204625E74D2700381D62 /* ARCHomeMultiImageCell.swift */ = {isa = PBXFileReference; lastKnownFileType = sourcecode.swift; path = ARCHomeMultiImageCell.swift; sourceTree = "<group>"; };
		62B2205525E74E0800381D62 /* ARCHomeViewModel.swift */ = {isa = PBXFileReference; lastKnownFileType = sourcecode.swift; path = ARCHomeViewModel.swift; sourceTree = "<group>"; };
		BE1B9474BED17220A849C97F /* Pods_ArcBlock_CodeTest.framework */ = {isa = PBXFileReference; explicitFileType = wrapper.framework; includeInIndex = 0; path = Pods_ArcBlock_CodeTest.framework; sourceTree = BUILT_PRODUCTS_DIR; };
		D6877F9E286E8972191EC4E9 /* Pods-ArcBlock-CodeTest.debug.xcconfig */ = {isa = PBXFileReference; includeInIndex = 1; lastKnownFileType = text.xcconfig; name = "Pods-ArcBlock-CodeTest.debug.xcconfig"; path = "Target Support Files/Pods-ArcBlock-CodeTest/Pods-ArcBlock-CodeTest.debug.xcconfig"; sourceTree = "<group>"; };
		F1CA0AF489F6FD0F9C5626D7 /* Pods-ArcBlock-CodeTest.release.xcconfig */ = {isa = PBXFileReference; includeInIndex = 1; lastKnownFileType = text.xcconfig; name = "Pods-ArcBlock-CodeTest.release.xcconfig"; path = "Target Support Files/Pods-ArcBlock-CodeTest/Pods-ArcBlock-CodeTest.release.xcconfig"; sourceTree = "<group>"; };
/* End PBXFileReference section */

/* Begin PBXFrameworksBuildPhase section */
		62B21F3825E6304C00381D62 /* Frameworks */ = {
			isa = PBXFrameworksBuildPhase;
			buildActionMask = 2147483647;
			files = (
				95A3D695CBF4D54EE5B29928 /* Pods_ArcBlock_CodeTest.framework in Frameworks */,
			);
			runOnlyForDeploymentPostprocessing = 0;
		};
		62B21F4E25E6304F00381D62 /* Frameworks */ = {
			isa = PBXFrameworksBuildPhase;
			buildActionMask = 2147483647;
			files = (
			);
			runOnlyForDeploymentPostprocessing = 0;
		};
		62B21F5925E6304F00381D62 /* Frameworks */ = {
			isa = PBXFrameworksBuildPhase;
			buildActionMask = 2147483647;
			files = (
			);
			runOnlyForDeploymentPostprocessing = 0;
		};
/* End PBXFrameworksBuildPhase section */

/* Begin PBXGroup section */
		38360F7025BAA62629E02FFD /* Pods */ = {
			isa = PBXGroup;
			children = (
				D6877F9E286E8972191EC4E9 /* Pods-ArcBlock-CodeTest.debug.xcconfig */,
				F1CA0AF489F6FD0F9C5626D7 /* Pods-ArcBlock-CodeTest.release.xcconfig */,
			);
			path = Pods;
			sourceTree = "<group>";
		};
		62B21F3225E6304C00381D62 = {
			isa = PBXGroup;
			children = (
				62B21F3D25E6304C00381D62 /* ArcBlock-CodeTest */,
				62B21F5425E6304F00381D62 /* ArcBlock-CodeTestTests */,
				62B21F5F25E6304F00381D62 /* ArcBlock-CodeTestUITests */,
				62B21F3C25E6304C00381D62 /* Products */,
				38360F7025BAA62629E02FFD /* Pods */,
				88B77BC556850415F6C54744 /* Frameworks */,
			);
			sourceTree = "<group>";
		};
		62B21F3C25E6304C00381D62 /* Products */ = {
			isa = PBXGroup;
			children = (
				62B21F3B25E6304C00381D62 /* ArcBlock-CodeTest.app */,
				62B21F5125E6304F00381D62 /* ArcBlock-CodeTestTests.xctest */,
				62B21F5C25E6304F00381D62 /* ArcBlock-CodeTestUITests.xctest */,
			);
			name = Products;
			sourceTree = "<group>";
		};
		62B21F3D25E6304C00381D62 /* ArcBlock-CodeTest */ = {
			isa = PBXGroup;
			children = (
				62B2200625E64D8100381D62 /* R.generated.swift */,
				62B21FDA25E6410300381D62 /* Helper */,
				62B21F8925E637B800381D62 /* Model */,
				62B21F7725E6356B00381D62 /* API */,
				62B21FEA25E64C3500381D62 /* Home */,
				62B21F3E25E6304C00381D62 /* AppDelegate.swift */,
				62B21F4025E6304C00381D62 /* SceneDelegate.swift */,
				62B21F4425E6304C00381D62 /* Main.storyboard */,
				62B21F4725E6304E00381D62 /* Assets.xcassets */,
				62B21F4925E6304E00381D62 /* LaunchScreen.storyboard */,
				62B21F4C25E6304E00381D62 /* Info.plist */,
			);
			path = "ArcBlock-CodeTest";
			sourceTree = "<group>";
		};
		62B21F5425E6304F00381D62 /* ArcBlock-CodeTestTests */ = {
			isa = PBXGroup;
			children = (
				62B21F5525E6304F00381D62 /* ArcBlock_CodeTestTests.swift */,
				62B21F5725E6304F00381D62 /* Info.plist */,
			);
			path = "ArcBlock-CodeTestTests";
			sourceTree = "<group>";
		};
		62B21F5F25E6304F00381D62 /* ArcBlock-CodeTestUITests */ = {
			isa = PBXGroup;
			children = (
				62B21F6025E6304F00381D62 /* ArcBlock_CodeTestUITests.swift */,
				62B21F6225E6304F00381D62 /* Info.plist */,
			);
			path = "ArcBlock-CodeTestUITests";
			sourceTree = "<group>";
		};
		62B21F7725E6356B00381D62 /* API */ = {
			isa = PBXGroup;
			children = (
				62B21F7B25E6358300381D62 /* ARCAPI.swift */,
				62B21FD525E63CF900381D62 /* ARCParseData.swift */,
				62B21FE525E6439600381D62 /* ARCError.swift */,
				62B21F8025E636E300381D62 /* Home */,
			);
			path = API;
			sourceTree = "<group>";
		};
		62B21F8025E636E300381D62 /* Home */ = {
			isa = PBXGroup;
			children = (
				62B21F8125E6370400381D62 /* ARCHomeAPI.swift */,
			);
			path = Home;
			sourceTree = "<group>";
		};
		62B21F8925E637B800381D62 /* Model */ = {
			isa = PBXGroup;
			children = (
				62B21F8A25E637CD00381D62 /* ARCTimeline.swift */,
			);
			path = Model;
			sourceTree = "<group>";
		};
		62B21FDA25E6410300381D62 /* Helper */ = {
			isa = PBXGroup;
			children = (
				62B2200C25E64D9C00381D62 /* Logger */,
				62B2200B25E64D9700381D62 /* i18 */,
			);
			path = Helper;
			sourceTree = "<group>";
		};
		62B21FEA25E64C3500381D62 /* Home */ = {
			isa = PBXGroup;
			children = (
				62B2201F25E64FAA00381D62 /* View */,
				62B21F4225E6304C00381D62 /* ARCHomeViewController.swift */,
				62B2205525E74E0800381D62 /* ARCHomeViewModel.swift */,
				62B21FEB25E64C4800381D62 /* ARCHomeDetailViewController.swift */,
			);
			path = Home;
			sourceTree = "<group>";
		};
		62B2200B25E64D9700381D62 /* i18 */ = {
			isa = PBXGroup;
			children = (
				62B2201725E64DB400381D62 /* ARCString.strings */,
			);
			path = i18;
			sourceTree = "<group>";
		};
		62B2200C25E64D9C00381D62 /* Logger */ = {
			isa = PBXGroup;
			children = (
				62B21FDB25E6411400381D62 /* ARCLogger.swift */,
			);
			path = Logger;
			sourceTree = "<group>";
		};
		62B2201F25E64FAA00381D62 /* View */ = {
			isa = PBXGroup;
			children = (
				62B2205125E74D5200381D62 /* ARCHomeMultiImageCell */,
				62B2203C25E74BD200381D62 /* ARCHomeOneImageCell */,
				62B2203325E74A9000381D62 /* ARCHomeImageCell */,
				62B2202025E64FAC00381D62 /* ARCHomeTextCell */,
			);
			path = View;
			sourceTree = "<group>";
		};
		62B2202025E64FAC00381D62 /* ARCHomeTextCell */ = {
			isa = PBXGroup;
			children = (
				62B2202125E64FC100381D62 /* ARCHomeTextCell.swift */,
			);
			path = ARCHomeTextCell;
			sourceTree = "<group>";
		};
		62B2203325E74A9000381D62 /* ARCHomeImageCell */ = {
			isa = PBXGroup;
			children = (
				62B2203425E74A9A00381D62 /* ARCHomeImageCell.swift */,
			);
			path = ARCHomeImageCell;
			sourceTree = "<group>";
		};
		62B2203C25E74BD200381D62 /* ARCHomeOneImageCell */ = {
			isa = PBXGroup;
			children = (
				62B2203D25E74BDF00381D62 /* ARCHomeOneImageCell.swift */,
			);
			path = ARCHomeOneImageCell;
			sourceTree = "<group>";
		};
		62B2205125E74D5200381D62 /* ARCHomeMultiImageCell */ = {
			isa = PBXGroup;
			children = (
				62B2204625E74D2700381D62 /* ARCHomeMultiImageCell.swift */,
			);
			path = ARCHomeMultiImageCell;
			sourceTree = "<group>";
		};
		88B77BC556850415F6C54744 /* Frameworks */ = {
			isa = PBXGroup;
			children = (
				BE1B9474BED17220A849C97F /* Pods_ArcBlock_CodeTest.framework */,
			);
			name = Frameworks;
			sourceTree = "<group>";
		};
/* End PBXGroup section */

/* Begin PBXNativeTarget section */
		62B21F3A25E6304C00381D62 /* ArcBlock-CodeTest */ = {
			isa = PBXNativeTarget;
			buildConfigurationList = 62B21F6525E6304F00381D62 /* Build configuration list for PBXNativeTarget "ArcBlock-CodeTest" */;
			buildPhases = (
				298E0DF9893B83D205719622 /* [CP] Check Pods Manifest.lock */,
				62B21FFF25E64D4600381D62 /* R.swift */,
				62B21F3725E6304C00381D62 /* Sources */,
				62B21F3825E6304C00381D62 /* Frameworks */,
				62B21F3925E6304C00381D62 /* Resources */,
				962D5314F9CB14BDF99464A3 /* [CP] Embed Pods Frameworks */,
			);
			buildRules = (
			);
			dependencies = (
			);
			name = "ArcBlock-CodeTest";
			productName = "ArcBlock-CodeTest";
			productReference = 62B21F3B25E6304C00381D62 /* ArcBlock-CodeTest.app */;
			productType = "com.apple.product-type.application";
		};
		62B21F5025E6304F00381D62 /* ArcBlock-CodeTestTests */ = {
			isa = PBXNativeTarget;
			buildConfigurationList = 62B21F6825E6304F00381D62 /* Build configuration list for PBXNativeTarget "ArcBlock-CodeTestTests" */;
			buildPhases = (
				62B21F4D25E6304F00381D62 /* Sources */,
				62B21F4E25E6304F00381D62 /* Frameworks */,
				62B21F4F25E6304F00381D62 /* Resources */,
			);
			buildRules = (
			);
			dependencies = (
				62B21F5325E6304F00381D62 /* PBXTargetDependency */,
			);
			name = "ArcBlock-CodeTestTests";
			productName = "ArcBlock-CodeTestTests";
			productReference = 62B21F5125E6304F00381D62 /* ArcBlock-CodeTestTests.xctest */;
			productType = "com.apple.product-type.bundle.unit-test";
		};
		62B21F5B25E6304F00381D62 /* ArcBlock-CodeTestUITests */ = {
			isa = PBXNativeTarget;
			buildConfigurationList = 62B21F6B25E6304F00381D62 /* Build configuration list for PBXNativeTarget "ArcBlock-CodeTestUITests" */;
			buildPhases = (
				62B21F5825E6304F00381D62 /* Sources */,
				62B21F5925E6304F00381D62 /* Frameworks */,
				62B21F5A25E6304F00381D62 /* Resources */,
			);
			buildRules = (
			);
			dependencies = (
				62B21F5E25E6304F00381D62 /* PBXTargetDependency */,
			);
			name = "ArcBlock-CodeTestUITests";
			productName = "ArcBlock-CodeTestUITests";
			productReference = 62B21F5C25E6304F00381D62 /* ArcBlock-CodeTestUITests.xctest */;
			productType = "com.apple.product-type.bundle.ui-testing";
		};
/* End PBXNativeTarget section */

/* Begin PBXProject section */
		62B21F3325E6304C00381D62 /* Project object */ = {
			isa = PBXProject;
			attributes = {
				LastSwiftUpdateCheck = 1240;
				LastUpgradeCheck = 1240;
				TargetAttributes = {
					62B21F3A25E6304C00381D62 = {
						CreatedOnToolsVersion = 12.4;
					};
					62B21F5025E6304F00381D62 = {
						CreatedOnToolsVersion = 12.4;
						TestTargetID = 62B21F3A25E6304C00381D62;
					};
					62B21F5B25E6304F00381D62 = {
						CreatedOnToolsVersion = 12.4;
						TestTargetID = 62B21F3A25E6304C00381D62;
					};
				};
			};
			buildConfigurationList = 62B21F3625E6304C00381D62 /* Build configuration list for PBXProject "ArcBlock-CodeTest" */;
			compatibilityVersion = "Xcode 9.3";
			developmentRegion = en;
			hasScannedForEncodings = 0;
			knownRegions = (
				en,
				Base,
				"zh-Hans",
			);
			mainGroup = 62B21F3225E6304C00381D62;
			productRefGroup = 62B21F3C25E6304C00381D62 /* Products */;
			projectDirPath = "";
			projectRoot = "";
			targets = (
				62B21F3A25E6304C00381D62 /* ArcBlock-CodeTest */,
				62B21F5025E6304F00381D62 /* ArcBlock-CodeTestTests */,
				62B21F5B25E6304F00381D62 /* ArcBlock-CodeTestUITests */,
			);
		};
/* End PBXProject section */

/* Begin PBXResourcesBuildPhase section */
		62B21F3925E6304C00381D62 /* Resources */ = {
			isa = PBXResourcesBuildPhase;
			buildActionMask = 2147483647;
			files = (
				62B21F4B25E6304E00381D62 /* LaunchScreen.storyboard in Resources */,
				62B21F4825E6304E00381D62 /* Assets.xcassets in Resources */,
				62B2201525E64DB400381D62 /* ARCString.strings in Resources */,
				62B21F4625E6304C00381D62 /* Main.storyboard in Resources */,
			);
			runOnlyForDeploymentPostprocessing = 0;
		};
		62B21F4F25E6304F00381D62 /* Resources */ = {
			isa = PBXResourcesBuildPhase;
			buildActionMask = 2147483647;
			files = (
			);
			runOnlyForDeploymentPostprocessing = 0;
		};
		62B21F5A25E6304F00381D62 /* Resources */ = {
			isa = PBXResourcesBuildPhase;
			buildActionMask = 2147483647;
			files = (
			);
			runOnlyForDeploymentPostprocessing = 0;
		};
/* End PBXResourcesBuildPhase section */

/* Begin PBXShellScriptBuildPhase section */
		298E0DF9893B83D205719622 /* [CP] Check Pods Manifest.lock */ = {
			isa = PBXShellScriptBuildPhase;
			buildActionMask = 2147483647;
			files = (
			);
			inputFileListPaths = (
			);
			inputPaths = (
				"${PODS_PODFILE_DIR_PATH}/Podfile.lock",
				"${PODS_ROOT}/Manifest.lock",
			);
			name = "[CP] Check Pods Manifest.lock";
			outputFileListPaths = (
			);
			outputPaths = (
				"$(DERIVED_FILE_DIR)/Pods-ArcBlock-CodeTest-checkManifestLockResult.txt",
			);
			runOnlyForDeploymentPostprocessing = 0;
			shellPath = /bin/sh;
			shellScript = "diff \"${PODS_PODFILE_DIR_PATH}/Podfile.lock\" \"${PODS_ROOT}/Manifest.lock\" > /dev/null\nif [ $? != 0 ] ; then\n    # print error to STDERR\n    echo \"error: The sandbox is not in sync with the Podfile.lock. Run 'pod install' or update your CocoaPods installation.\" >&2\n    exit 1\nfi\n# This output is used by Xcode 'outputs' to avoid re-running this script phase.\necho \"SUCCESS\" > \"${SCRIPT_OUTPUT_FILE_0}\"\n";
			showEnvVarsInLog = 0;
		};
		62B21FFF25E64D4600381D62 /* R.swift */ = {
			isa = PBXShellScriptBuildPhase;
			buildActionMask = 2147483647;
			files = (
			);
			inputFileListPaths = (
			);
			inputPaths = (
				"$TEMP_DIR/rswift-lastrun",
			);
			name = R.swift;
			outputFileListPaths = (
			);
			outputPaths = (
				$SRCROOT/R.generated.swift,
			);
			runOnlyForDeploymentPostprocessing = 0;
			shellPath = /bin/sh;
			shellScript = "# Type a script or drag a script file from your workspace to insert its path.\n\"$PODS_ROOT/R.swift/rswift\" generate \"$SRCROOT/R.generated.swift\"\n";
		};
		962D5314F9CB14BDF99464A3 /* [CP] Embed Pods Frameworks */ = {
			isa = PBXShellScriptBuildPhase;
			buildActionMask = 2147483647;
			files = (
			);
			inputFileListPaths = (
				"${PODS_ROOT}/Target Support Files/Pods-ArcBlock-CodeTest/Pods-ArcBlock-CodeTest-frameworks-${CONFIGURATION}-input-files.xcfilelist",
			);
			name = "[CP] Embed Pods Frameworks";
			outputFileListPaths = (
				"${PODS_ROOT}/Target Support Files/Pods-ArcBlock-CodeTest/Pods-ArcBlock-CodeTest-frameworks-${CONFIGURATION}-output-files.xcfilelist",
			);
			runOnlyForDeploymentPostprocessing = 0;
			shellPath = /bin/sh;
			shellScript = "\"${PODS_ROOT}/Target Support Files/Pods-ArcBlock-CodeTest/Pods-ArcBlock-CodeTest-frameworks.sh\"\n";
			showEnvVarsInLog = 0;
		};
/* End PBXShellScriptBuildPhase section */

/* Begin PBXSourcesBuildPhase section */
		62B21F3725E6304C00381D62 /* Sources */ = {
			isa = PBXSourcesBuildPhase;
			buildActionMask = 2147483647;
			files = (
				62B21FDC25E6411400381D62 /* ARCLogger.swift in Sources */,
				62B21F4325E6304C00381D62 /* ARCHomeViewController.swift in Sources */,
				62B2204725E74D2700381D62 /* ARCHomeMultiImageCell.swift in Sources */,
				62B2203E25E74BDF00381D62 /* ARCHomeOneImageCell.swift in Sources */,
				62B2203525E74A9A00381D62 /* ARCHomeImageCell.swift in Sources */,
				62B21F3F25E6304C00381D62 /* AppDelegate.swift in Sources */,
				62B21FE625E6439600381D62 /* ARCError.swift in Sources */,
				62B2202225E64FC100381D62 /* ARCHomeTextCell.swift in Sources */,
				62B21FD625E63CF900381D62 /* ARCParseData.swift in Sources */,
				62B21F4125E6304C00381D62 /* SceneDelegate.swift in Sources */,
				62B21F7C25E6358300381D62 /* ARCAPI.swift in Sources */,
				62B21F8225E6370400381D62 /* ARCHomeAPI.swift in Sources */,
				62B2205625E74E0800381D62 /* ARCHomeViewModel.swift in Sources */,
				62B21F8B25E637CD00381D62 /* ARCTimeline.swift in Sources */,
				62B2200725E64D8100381D62 /* R.generated.swift in Sources */,
				62B21FEC25E64C4800381D62 /* ARCHomeDetailViewController.swift in Sources */,
			);
			runOnlyForDeploymentPostprocessing = 0;
		};
		62B21F4D25E6304F00381D62 /* Sources */ = {
			isa = PBXSourcesBuildPhase;
			buildActionMask = 2147483647;
			files = (
				62B21F5625E6304F00381D62 /* ArcBlock_CodeTestTests.swift in Sources */,
			);
			runOnlyForDeploymentPostprocessing = 0;
		};
		62B21F5825E6304F00381D62 /* Sources */ = {
			isa = PBXSourcesBuildPhase;
			buildActionMask = 2147483647;
			files = (
				62B21F6125E6304F00381D62 /* ArcBlock_CodeTestUITests.swift in Sources */,
			);
			runOnlyForDeploymentPostprocessing = 0;
		};
/* End PBXSourcesBuildPhase section */

/* Begin PBXTargetDependency section */
		62B21F5325E6304F00381D62 /* PBXTargetDependency */ = {
			isa = PBXTargetDependency;
			target = 62B21F3A25E6304C00381D62 /* ArcBlock-CodeTest */;
			targetProxy = 62B21F5225E6304F00381D62 /* PBXContainerItemProxy */;
		};
		62B21F5E25E6304F00381D62 /* PBXTargetDependency */ = {
			isa = PBXTargetDependency;
			target = 62B21F3A25E6304C00381D62 /* ArcBlock-CodeTest */;
			targetProxy = 62B21F5D25E6304F00381D62 /* PBXContainerItemProxy */;
		};
/* End PBXTargetDependency section */

/* Begin PBXVariantGroup section */
		62B21F4425E6304C00381D62 /* Main.storyboard */ = {
			isa = PBXVariantGroup;
			children = (
				62B21F4525E6304C00381D62 /* Base */,
			);
			name = Main.storyboard;
			sourceTree = "<group>";
		};
		62B21F4925E6304E00381D62 /* LaunchScreen.storyboard */ = {
			isa = PBXVariantGroup;
			children = (
				62B21F4A25E6304E00381D62 /* Base */,
			);
			name = LaunchScreen.storyboard;
			sourceTree = "<group>";
		};
		62B2201725E64DB400381D62 /* ARCString.strings */ = {
			isa = PBXVariantGroup;
			children = (
				62B2201625E64DB400381D62 /* en */,
				62B2201B25E64DC800381D62 /* zh-Hans */,
			);
			name = ARCString.strings;
			sourceTree = "<group>";
		};
/* End PBXVariantGroup section */

/* Begin XCBuildConfiguration section */
		62B21F6325E6304F00381D62 /* Debug */ = {
			isa = XCBuildConfiguration;
			buildSettings = {
				ALWAYS_SEARCH_USER_PATHS = NO;
				CLANG_ANALYZER_LOCALIZABILITY_NONLOCALIZED = YES;
				CLANG_ANALYZER_NONNULL = YES;
				CLANG_ANALYZER_NUMBER_OBJECT_CONVERSION = YES_AGGRESSIVE;
				CLANG_CXX_LANGUAGE_STANDARD = "gnu++14";
				CLANG_CXX_LIBRARY = "libc++";
				CLANG_ENABLE_MODULES = YES;
				CLANG_ENABLE_OBJC_ARC = YES;
				CLANG_ENABLE_OBJC_WEAK = YES;
				CLANG_WARN_BLOCK_CAPTURE_AUTORELEASING = YES;
				CLANG_WARN_BOOL_CONVERSION = YES;
				CLANG_WARN_COMMA = YES;
				CLANG_WARN_CONSTANT_CONVERSION = YES;
				CLANG_WARN_DEPRECATED_OBJC_IMPLEMENTATIONS = YES;
				CLANG_WARN_DIRECT_OBJC_ISA_USAGE = YES_ERROR;
				CLANG_WARN_DOCUMENTATION_COMMENTS = YES;
				CLANG_WARN_EMPTY_BODY = YES;
				CLANG_WARN_ENUM_CONVERSION = YES;
				CLANG_WARN_INFINITE_RECURSION = YES;
				CLANG_WARN_INT_CONVERSION = YES;
				CLANG_WARN_NON_LITERAL_NULL_CONVERSION = YES;
				CLANG_WARN_OBJC_IMPLICIT_RETAIN_SELF = YES;
				CLANG_WARN_OBJC_LITERAL_CONVERSION = YES;
				CLANG_WARN_OBJC_ROOT_CLASS = YES_ERROR;
				CLANG_WARN_QUOTED_INCLUDE_IN_FRAMEWORK_HEADER = YES;
				CLANG_WARN_RANGE_LOOP_ANALYSIS = YES;
				CLANG_WARN_STRICT_PROTOTYPES = YES;
				CLANG_WARN_SUSPICIOUS_MOVE = YES;
				CLANG_WARN_UNGUARDED_AVAILABILITY = YES_AGGRESSIVE;
				CLANG_WARN_UNREACHABLE_CODE = YES;
				CLANG_WARN__DUPLICATE_METHOD_MATCH = YES;
				COPY_PHASE_STRIP = NO;
				DEBUG_INFORMATION_FORMAT = dwarf;
				ENABLE_STRICT_OBJC_MSGSEND = YES;
				ENABLE_TESTABILITY = YES;
				GCC_C_LANGUAGE_STANDARD = gnu11;
				GCC_DYNAMIC_NO_PIC = NO;
				GCC_NO_COMMON_BLOCKS = YES;
				GCC_OPTIMIZATION_LEVEL = 0;
				GCC_PREPROCESSOR_DEFINITIONS = (
					"DEBUG=1",
					"$(inherited)",
				);
				GCC_WARN_64_TO_32_BIT_CONVERSION = YES;
				GCC_WARN_ABOUT_RETURN_TYPE = YES_ERROR;
				GCC_WARN_UNDECLARED_SELECTOR = YES;
				GCC_WARN_UNINITIALIZED_AUTOS = YES_AGGRESSIVE;
				GCC_WARN_UNUSED_FUNCTION = YES;
				GCC_WARN_UNUSED_VARIABLE = YES;
				IPHONEOS_DEPLOYMENT_TARGET = 14.4;
				MTL_ENABLE_DEBUG_INFO = INCLUDE_SOURCE;
				MTL_FAST_MATH = YES;
				ONLY_ACTIVE_ARCH = YES;
				SDKROOT = iphoneos;
				SWIFT_ACTIVE_COMPILATION_CONDITIONS = DEBUG;
				SWIFT_OPTIMIZATION_LEVEL = "-Onone";
			};
			name = Debug;
		};
		62B21F6425E6304F00381D62 /* Release */ = {
			isa = XCBuildConfiguration;
			buildSettings = {
				ALWAYS_SEARCH_USER_PATHS = NO;
				CLANG_ANALYZER_LOCALIZABILITY_NONLOCALIZED = YES;
				CLANG_ANALYZER_NONNULL = YES;
				CLANG_ANALYZER_NUMBER_OBJECT_CONVERSION = YES_AGGRESSIVE;
				CLANG_CXX_LANGUAGE_STANDARD = "gnu++14";
				CLANG_CXX_LIBRARY = "libc++";
				CLANG_ENABLE_MODULES = YES;
				CLANG_ENABLE_OBJC_ARC = YES;
				CLANG_ENABLE_OBJC_WEAK = YES;
				CLANG_WARN_BLOCK_CAPTURE_AUTORELEASING = YES;
				CLANG_WARN_BOOL_CONVERSION = YES;
				CLANG_WARN_COMMA = YES;
				CLANG_WARN_CONSTANT_CONVERSION = YES;
				CLANG_WARN_DEPRECATED_OBJC_IMPLEMENTATIONS = YES;
				CLANG_WARN_DIRECT_OBJC_ISA_USAGE = YES_ERROR;
				CLANG_WARN_DOCUMENTATION_COMMENTS = YES;
				CLANG_WARN_EMPTY_BODY = YES;
				CLANG_WARN_ENUM_CONVERSION = YES;
				CLANG_WARN_INFINITE_RECURSION = YES;
				CLANG_WARN_INT_CONVERSION = YES;
				CLANG_WARN_NON_LITERAL_NULL_CONVERSION = YES;
				CLANG_WARN_OBJC_IMPLICIT_RETAIN_SELF = YES;
				CLANG_WARN_OBJC_LITERAL_CONVERSION = YES;
				CLANG_WARN_OBJC_ROOT_CLASS = YES_ERROR;
				CLANG_WARN_QUOTED_INCLUDE_IN_FRAMEWORK_HEADER = YES;
				CLANG_WARN_RANGE_LOOP_ANALYSIS = YES;
				CLANG_WARN_STRICT_PROTOTYPES = YES;
				CLANG_WARN_SUSPICIOUS_MOVE = YES;
				CLANG_WARN_UNGUARDED_AVAILABILITY = YES_AGGRESSIVE;
				CLANG_WARN_UNREACHABLE_CODE = YES;
				CLANG_WARN__DUPLICATE_METHOD_MATCH = YES;
				COPY_PHASE_STRIP = NO;
				DEBUG_INFORMATION_FORMAT = "dwarf-with-dsym";
				ENABLE_NS_ASSERTIONS = NO;
				ENABLE_STRICT_OBJC_MSGSEND = YES;
				GCC_C_LANGUAGE_STANDARD = gnu11;
				GCC_NO_COMMON_BLOCKS = YES;
				GCC_WARN_64_TO_32_BIT_CONVERSION = YES;
				GCC_WARN_ABOUT_RETURN_TYPE = YES_ERROR;
				GCC_WARN_UNDECLARED_SELECTOR = YES;
				GCC_WARN_UNINITIALIZED_AUTOS = YES_AGGRESSIVE;
				GCC_WARN_UNUSED_FUNCTION = YES;
				GCC_WARN_UNUSED_VARIABLE = YES;
				IPHONEOS_DEPLOYMENT_TARGET = 14.4;
				MTL_ENABLE_DEBUG_INFO = NO;
				MTL_FAST_MATH = YES;
				SDKROOT = iphoneos;
				SWIFT_COMPILATION_MODE = wholemodule;
				SWIFT_OPTIMIZATION_LEVEL = "-O";
				VALIDATE_PRODUCT = YES;
			};
			name = Release;
		};
		62B21F6625E6304F00381D62 /* Debug */ = {
			isa = XCBuildConfiguration;
			baseConfigurationReference = D6877F9E286E8972191EC4E9 /* Pods-ArcBlock-CodeTest.debug.xcconfig */;
			buildSettings = {
				ASSETCATALOG_COMPILER_APPICON_NAME = AppIcon;
				ASSETCATALOG_COMPILER_GLOBAL_ACCENT_COLOR_NAME = AccentColor;
				CODE_SIGN_STYLE = Automatic;
				INFOPLIST_FILE = "ArcBlock-CodeTest/Info.plist";
				LD_RUNPATH_SEARCH_PATHS = (
					"$(inherited)",
					"@executable_path/Frameworks",
				);
				PRODUCT_BUNDLE_IDENTIFIER = "com.moshou.ArcBlock-CodeTest";
				PRODUCT_NAME = "$(TARGET_NAME)";
				SWIFT_VERSION = 5.0;
				TARGETED_DEVICE_FAMILY = "1,2";
			};
			name = Debug;
		};
		62B21F6725E6304F00381D62 /* Release */ = {
			isa = XCBuildConfiguration;
			baseConfigurationReference = F1CA0AF489F6FD0F9C5626D7 /* Pods-ArcBlock-CodeTest.release.xcconfig */;
			buildSettings = {
				ASSETCATALOG_COMPILER_APPICON_NAME = AppIcon;
				ASSETCATALOG_COMPILER_GLOBAL_ACCENT_COLOR_NAME = AccentColor;
				CODE_SIGN_STYLE = Automatic;
				INFOPLIST_FILE = "ArcBlock-CodeTest/Info.plist";
				LD_RUNPATH_SEARCH_PATHS = (
					"$(inherited)",
					"@executable_path/Frameworks",
				);
				PRODUCT_BUNDLE_IDENTIFIER = "com.moshou.ArcBlock-CodeTest";
				PRODUCT_NAME = "$(TARGET_NAME)";
				SWIFT_VERSION = 5.0;
				TARGETED_DEVICE_FAMILY = "1,2";
			};
			name = Release;
		};
		62B21F6925E6304F00381D62 /* Debug */ = {
			isa = XCBuildConfiguration;
			buildSettings = {
				ALWAYS_EMBED_SWIFT_STANDARD_LIBRARIES = YES;
				BUNDLE_LOADER = "$(TEST_HOST)";
				CODE_SIGN_STYLE = Automatic;
				INFOPLIST_FILE = "ArcBlock-CodeTestTests/Info.plist";
				IPHONEOS_DEPLOYMENT_TARGET = 14.4;
				LD_RUNPATH_SEARCH_PATHS = (
					"$(inherited)",
					"@executable_path/Frameworks",
					"@loader_path/Frameworks",
				);
				PRODUCT_BUNDLE_IDENTIFIER = "com.moshou.ArcBlock-CodeTestTests";
				PRODUCT_NAME = "$(TARGET_NAME)";
				SWIFT_VERSION = 5.0;
				TARGETED_DEVICE_FAMILY = "1,2";
				TEST_HOST = "$(BUILT_PRODUCTS_DIR)/ArcBlock-CodeTest.app/ArcBlock-CodeTest";
			};
			name = Debug;
		};
		62B21F6A25E6304F00381D62 /* Release */ = {
			isa = XCBuildConfiguration;
			buildSettings = {
				ALWAYS_EMBED_SWIFT_STANDARD_LIBRARIES = YES;
				BUNDLE_LOADER = "$(TEST_HOST)";
				CODE_SIGN_STYLE = Automatic;
				INFOPLIST_FILE = "ArcBlock-CodeTestTests/Info.plist";
				IPHONEOS_DEPLOYMENT_TARGET = 14.4;
				LD_RUNPATH_SEARCH_PATHS = (
					"$(inherited)",
					"@executable_path/Frameworks",
					"@loader_path/Frameworks",
				);
				PRODUCT_BUNDLE_IDENTIFIER = "com.moshou.ArcBlock-CodeTestTests";
				PRODUCT_NAME = "$(TARGET_NAME)";
				SWIFT_VERSION = 5.0;
				TARGETED_DEVICE_FAMILY = "1,2";
				TEST_HOST = "$(BUILT_PRODUCTS_DIR)/ArcBlock-CodeTest.app/ArcBlock-CodeTest";
			};
			name = Release;
		};
		62B21F6C25E6304F00381D62 /* Debug */ = {
			isa = XCBuildConfiguration;
			buildSettings = {
				ALWAYS_EMBED_SWIFT_STANDARD_LIBRARIES = YES;
				CODE_SIGN_STYLE = Automatic;
				INFOPLIST_FILE = "ArcBlock-CodeTestUITests/Info.plist";
				LD_RUNPATH_SEARCH_PATHS = (
					"$(inherited)",
					"@executable_path/Frameworks",
					"@loader_path/Frameworks",
				);
				PRODUCT_BUNDLE_IDENTIFIER = "com.moshou.ArcBlock-CodeTestUITests";
				PRODUCT_NAME = "$(TARGET_NAME)";
				SWIFT_VERSION = 5.0;
				TARGETED_DEVICE_FAMILY = "1,2";
				TEST_TARGET_NAME = "ArcBlock-CodeTest";
			};
			name = Debug;
		};
		62B21F6D25E6304F00381D62 /* Release */ = {
			isa = XCBuildConfiguration;
			buildSettings = {
				ALWAYS_EMBED_SWIFT_STANDARD_LIBRARIES = YES;
				CODE_SIGN_STYLE = Automatic;
				INFOPLIST_FILE = "ArcBlock-CodeTestUITests/Info.plist";
				LD_RUNPATH_SEARCH_PATHS = (
					"$(inherited)",
					"@executable_path/Frameworks",
					"@loader_path/Frameworks",
				);
				PRODUCT_BUNDLE_IDENTIFIER = "com.moshou.ArcBlock-CodeTestUITests";
				PRODUCT_NAME = "$(TARGET_NAME)";
				SWIFT_VERSION = 5.0;
				TARGETED_DEVICE_FAMILY = "1,2";
				TEST_TARGET_NAME = "ArcBlock-CodeTest";
			};
			name = Release;
		};
/* End XCBuildConfiguration section */

/* Begin XCConfigurationList section */
		62B21F3625E6304C00381D62 /* Build configuration list for PBXProject "ArcBlock-CodeTest" */ = {
			isa = XCConfigurationList;
			buildConfigurations = (
				62B21F6325E6304F00381D62 /* Debug */,
				62B21F6425E6304F00381D62 /* Release */,
			);
			defaultConfigurationIsVisible = 0;
			defaultConfigurationName = Release;
		};
		62B21F6525E6304F00381D62 /* Build configuration list for PBXNativeTarget "ArcBlock-CodeTest" */ = {
			isa = XCConfigurationList;
			buildConfigurations = (
				62B21F6625E6304F00381D62 /* Debug */,
				62B21F6725E6304F00381D62 /* Release */,
			);
			defaultConfigurationIsVisible = 0;
			defaultConfigurationName = Release;
		};
		62B21F6825E6304F00381D62 /* Build configuration list for PBXNativeTarget "ArcBlock-CodeTestTests" */ = {
			isa = XCConfigurationList;
			buildConfigurations = (
				62B21F6925E6304F00381D62 /* Debug */,
				62B21F6A25E6304F00381D62 /* Release */,
			);
			defaultConfigurationIsVisible = 0;
			defaultConfigurationName = Release;
		};
		62B21F6B25E6304F00381D62 /* Build configuration list for PBXNativeTarget "ArcBlock-CodeTestUITests" */ = {
			isa = XCConfigurationList;
			buildConfigurations = (
				62B21F6C25E6304F00381D62 /* Debug */,
				62B21F6D25E6304F00381D62 /* Release */,
			);
			defaultConfigurationIsVisible = 0;
			defaultConfigurationName = Release;
		};
/* End XCConfigurationList section */
	};
	rootObject = 62B21F3325E6304C00381D62 /* Project object */;
}
